
Microsoft Visual Studio Solution File, Format Version 12.00
# Visual Studio 2013
VisualStudioVersion = 12.0.40629.0
MinimumVisualStudioVersion = 10.0.40219.1
Project("{FAE04EC0-301F-11D3-BF4B-00C04F79EFBC}") = "Checkables", "Checkables\Checkables.csproj", "{CF4F8550-A3ED-4C6D-B3D4-DEC0D6B3429D}"
EndProject
Project("{FAE04EC0-301F-11D3-BF4B-00C04F79EFBC}") = "CheckablesTests", "CheckablesTests\CheckablesTests.csproj", "{24DEE5FE-6747-4ADD-A8D8-38FFC719AAFB}"
EndProject
Global
	GlobalSection(SolutionConfigurationPlatforms) = preSolution
		Debug|Any CPU = Debug|Any CPU
		Release|Any CPU = Release|Any CPU
	EndGlobalSection
	GlobalSection(ProjectConfigurationPlatforms) = postSolution
		{CF4F8550-A3ED-4C6D-B3D4-DEC0D6B3429D}.Debug|Any CPU.ActiveCfg = Debug|Any CPU
		{CF4F8550-A3ED-4C6D-B3D4-DEC0D6B3429D}.Debug|Any CPU.Build.0 = Debug|Any CPU
		{CF4F8550-A3ED-4C6D-B3D4-DEC0D6B3429D}.Release|Any CPU.ActiveCfg = Release|Any CPU
		{CF4F8550-A3ED-4C6D-B3D4-DEC0D6B3429D}.Release|Any CPU.Build.0 = Release|Any CPU
		{24DEE5FE-6747-4ADD-A8D8-38FFC719AAFB}.Debug|Any CPU.ActiveCfg = Debug|Any CPU
		{24DEE5FE-6747-4ADD-A8D8-38FFC719AAFB}.Debug|Any CPU.Build.0 = Debug|Any CPU
		{24DEE5FE-6747-4ADD-A8D8-38FFC719AAFB}.Release|Any CPU.ActiveCfg = Release|Any CPU
		{24DEE5FE-6747-4ADD-A8D8-38FFC719AAFB}.Release|Any CPU.Build.0 = Release|Any CPU
	EndGlobalSection
	GlobalSection(SolutionProperties) = preSolution
		HideSolutionNode = FALSE
	EndGlobalSection
EndGlobal
